
Microsoft Visual Studio Solution File, Format Version 12.00
# Visual Studio 14
VisualStudioVersion = 14.0.25420.1
MinimumVisualStudioVersion = 10.0.40219.1
Project("{FAE04EC0-301F-11D3-BF4B-00C04F79EFBC}") = "XamarinLearingApp.Android", "XamarinLearingApp\XamarinLearingApp.Android\XamarinLearingApp.Android.csproj", "{BE758E62-F9E8-4821-B8CB-8CC3E98DDA6A}"
EndProject
Project("{FAE04EC0-301F-11D3-BF4B-00C04F79EFBC}") = "XamarinLearingApp", "XamarinLearingApp\XamarinLearingApp\XamarinLearingApp.csproj", "{535EE4D3-2B56-4DD4-A1AB-5C0928CD0D82}"
EndProject
Project("{FAE04EC0-301F-11D3-BF4B-00C04F79EFBC}") = "XamarinLearingApp.iOS", "XamarinLearingApp\XamarinLearingApp.iOS\XamarinLearingApp.iOS.csproj", "{737F21FD-7682-401A-A617-5CC19B6E2796}"
EndProject
Global
	GlobalSection(SolutionConfigurationPlatforms) = preSolution
		Ad-Hoc|Any CPU = Ad-Hoc|Any CPU
		Ad-Hoc|iPhone = Ad-Hoc|iPhone
		Ad-Hoc|iPhoneSimulator = Ad-Hoc|iPhoneSimulator
		AppStore|Any CPU = AppStore|Any CPU
		AppStore|iPhone = AppStore|iPhone
		AppStore|iPhoneSimulator = AppStore|iPhoneSimulator
		Debug|Any CPU = Debug|Any CPU
		Debug|iPhone = Debug|iPhone
		Debug|iPhoneSimulator = Debug|iPhoneSimulator
		Release|Any CPU = Release|Any CPU
		Release|iPhone = Release|iPhone
		Release|iPhoneSimulator = Release|iPhoneSimulator
	EndGlobalSection
	GlobalSection(ProjectConfigurationPlatforms) = postSolution
		{BE758E62-F9E8-4821-B8CB-8CC3E98DDA6A}.Ad-Hoc|Any CPU.ActiveCfg = Release|Any CPU
		{BE758E62-F9E8-4821-B8CB-8CC3E98DDA6A}.Ad-Hoc|Any CPU.Build.0 = Release|Any CPU
		{BE758E62-F9E8-4821-B8CB-8CC3E98DDA6A}.Ad-Hoc|Any CPU.Deploy.0 = Release|Any CPU
		{BE758E62-F9E8-4821-B8CB-8CC3E98DDA6A}.Ad-Hoc|iPhone.ActiveCfg = Release|Any CPU
		{BE758E62-F9E8-4821-B8CB-8CC3E98DDA6A}.Ad-Hoc|iPhone.Build.0 = Release|Any CPU
		{BE758E62-F9E8-4821-B8CB-8CC3E98DDA6A}.Ad-Hoc|iPhone.Deploy.0 = Release|Any CPU
		{BE758E62-F9E8-4821-B8CB-8CC3E98DDA6A}.Ad-Hoc|iPhoneSimulator.ActiveCfg = Release|Any CPU
		{BE758E62-F9E8-4821-B8CB-8CC3E98DDA6A}.Ad-Hoc|iPhoneSimulator.Build.0 = Release|Any CPU
		{BE758E62-F9E8-4821-B8CB-8CC3E98DDA6A}.Ad-Hoc|iPhoneSimulator.Deploy.0 = Release|Any CPU
		{BE758E62-F9E8-4821-B8CB-8CC3E98DDA6A}.AppStore|Any CPU.ActiveCfg = Release|Any CPU
		{BE758E62-F9E8-4821-B8CB-8CC3E98DDA6A}.AppStore|Any CPU.Build.0 = Release|Any CPU
		{BE758E62-F9E8-4821-B8CB-8CC3E98DDA6A}.AppStore|Any CPU.Deploy.0 = Release|Any CPU
		{BE758E62-F9E8-4821-B8CB-8CC3E98DDA6A}.AppStore|iPhone.ActiveCfg = Release|Any CPU
		{BE758E62-F9E8-4821-B8CB-8CC3E98DDA6A}.AppStore|iPhone.Build.0 = Release|Any CPU
		{BE758E62-F9E8-4821-B8CB-8CC3E98DDA6A}.AppStore|iPhone.Deploy.0 = Release|Any CPU
		{BE758E62-F9E8-4821-B8CB-8CC3E98DDA6A}.AppStore|iPhoneSimulator.ActiveCfg = Release|Any CPU
		{BE758E62-F9E8-4821-B8CB-8CC3E98DDA6A}.AppStore|iPhoneSimulator.Build.0 = Release|Any CPU
		{BE758E62-F9E8-4821-B8CB-8CC3E98DDA6A}.AppStore|iPhoneSimulator.Deploy.0 = Release|Any CPU
		{BE758E62-F9E8-4821-B8CB-8CC3E98DDA6A}.Debug|Any CPU.ActiveCfg = Debug|Any CPU
		{BE758E62-F9E8-4821-B8CB-8CC3E98DDA6A}.Debug|Any CPU.Build.0 = Debug|Any CPU
		{BE758E62-F9E8-4821-B8CB-8CC3E98DDA6A}.Debug|Any CPU.Deploy.0 = Debug|Any CPU
		{BE758E62-F9E8-4821-B8CB-8CC3E98DDA6A}.Debug|iPhone.ActiveCfg = Debug|Any CPU
		{BE758E62-F9E8-4821-B8CB-8CC3E98DDA6A}.Debug|iPhone.Build.0 = Debug|Any CPU
		{BE758E62-F9E8-4821-B8CB-8CC3E98DDA6A}.Debug|iPhone.Deploy.0 = Debug|Any CPU
		{BE758E62-F9E8-4821-B8CB-8CC3E98DDA6A}.Debug|iPhoneSimulator.ActiveCfg = Debug|Any CPU
		{BE758E62-F9E8-4821-B8CB-8CC3E98DDA6A}.Debug|iPhoneSimulator.Build.0 = Debug|Any CPU
		{BE758E62-F9E8-4821-B8CB-8CC3E98DDA6A}.Debug|iPhoneSimulator.Deploy.0 = Debug|Any CPU
		{BE758E62-F9E8-4821-B8CB-8CC3E98DDA6A}.Release|Any CPU.ActiveCfg = Release|Any CPU
		{BE758E62-F9E8-4821-B8CB-8CC3E98DDA6A}.Release|Any CPU.Build.0 = Release|Any CPU
		{BE758E62-F9E8-4821-B8CB-8CC3E98DDA6A}.Release|Any CPU.Deploy.0 = Release|Any CPU
		{BE758E62-F9E8-4821-B8CB-8CC3E98DDA6A}.Release|iPhone.ActiveCfg = Release|Any CPU
		{BE758E62-F9E8-4821-B8CB-8CC3E98DDA6A}.Release|iPhone.Build.0 = Release|Any CPU
		{BE758E62-F9E8-4821-B8CB-8CC3E98DDA6A}.Release|iPhone.Deploy.0 = Release|Any CPU
		{BE758E62-F9E8-4821-B8CB-8CC3E98DDA6A}.Release|iPhoneSimulator.ActiveCfg = Release|Any CPU
		{BE758E62-F9E8-4821-B8CB-8CC3E98DDA6A}.Release|iPhoneSimulator.Build.0 = Release|Any CPU
		{BE758E62-F9E8-4821-B8CB-8CC3E98DDA6A}.Release|iPhoneSimulator.Deploy.0 = Release|Any CPU
		{535EE4D3-2B56-4DD4-A1AB-5C0928CD0D82}.Ad-Hoc|Any CPU.ActiveCfg = Release|Any CPU
		{535EE4D3-2B56-4DD4-A1AB-5C0928CD0D82}.Ad-Hoc|Any CPU.Build.0 = Release|Any CPU
		{535EE4D3-2B56-4DD4-A1AB-5C0928CD0D82}.Ad-Hoc|iPhone.ActiveCfg = Release|Any CPU
		{535EE4D3-2B56-4DD4-A1AB-5C0928CD0D82}.Ad-Hoc|iPhone.Build.0 = Release|Any CPU
		{535EE4D3-2B56-4DD4-A1AB-5C0928CD0D82}.Ad-Hoc|iPhoneSimulator.ActiveCfg = Release|Any CPU
		{535EE4D3-2B56-4DD4-A1AB-5C0928CD0D82}.Ad-Hoc|iPhoneSimulator.Build.0 = Release|Any CPU
		{535EE4D3-2B56-4DD4-A1AB-5C0928CD0D82}.AppStore|Any CPU.ActiveCfg = Release|Any CPU
		{535EE4D3-2B56-4DD4-A1AB-5C0928CD0D82}.AppStore|Any CPU.Build.0 = Release|Any CPU
		{535EE4D3-2B56-4DD4-A1AB-5C0928CD0D82}.AppStore|iPhone.ActiveCfg = Release|Any CPU
		{535EE4D3-2B56-4DD4-A1AB-5C0928CD0D82}.AppStore|iPhone.Build.0 = Release|Any CPU
		{535EE4D3-2B56-4DD4-A1AB-5C0928CD0D82}.AppStore|iPhoneSimulator.ActiveCfg = Release|Any CPU
		{535EE4D3-2B56-4DD4-A1AB-5C0928CD0D82}.AppStore|iPhoneSimulator.Build.0 = Release|Any CPU
		{535EE4D3-2B56-4DD4-A1AB-5C0928CD0D82}.Debug|Any CPU.ActiveCfg = Debug|Any CPU
		{535EE4D3-2B56-4DD4-A1AB-5C0928CD0D82}.Debug|Any CPU.Build.0 = Debug|Any CPU
		{535EE4D3-2B56-4DD4-A1AB-5C0928CD0D82}.Debug|iPhone.ActiveCfg = Debug|Any CPU
		{535EE4D3-2B56-4DD4-A1AB-5C0928CD0D82}.Debug|iPhone.Build.0 = Debug|Any CPU
		{535EE4D3-2B56-4DD4-A1AB-5C0928CD0D82}.Debug|iPhoneSimulator.ActiveCfg = Debug|Any CPU
		{535EE4D3-2B56-4DD4-A1AB-5C0928CD0D82}.Debug|iPhoneSimulator.Build.0 = Debug|Any CPU
		{535EE4D3-2B56-4DD4-A1AB-5C0928CD0D82}.Release|Any CPU.ActiveCfg = Release|Any CPU
		{535EE4D3-2B56-4DD4-A1AB-5C0928CD0D82}.Release|Any CPU.Build.0 = Release|Any CPU
		{535EE4D3-2B56-4DD4-A1AB-5C0928CD0D82}.Release|iPhone.ActiveCfg = Release|Any CPU
		{535EE4D3-2B56-4DD4-A1AB-5C0928CD0D82}.Release|iPhone.Build.0 = Release|Any CPU
		{535EE4D3-2B56-4DD4-A1AB-5C0928CD0D82}.Release|iPhoneSimulator.ActiveCfg = Release|Any CPU
		{535EE4D3-2B56-4DD4-A1AB-5C0928CD0D82}.Release|iPhoneSimulator.Build.0 = Release|Any CPU
		{737F21FD-7682-401A-A617-5CC19B6E2796}.Ad-Hoc|Any CPU.ActiveCfg = Ad-Hoc|iPhone
		{737F21FD-7682-401A-A617-5CC19B6E2796}.Ad-Hoc|iPhone.ActiveCfg = Ad-Hoc|iPhone
		{737F21FD-7682-401A-A617-5CC19B6E2796}.Ad-Hoc|iPhone.Build.0 = Ad-Hoc|iPhone
		{737F21FD-7682-401A-A617-5CC19B6E2796}.Ad-Hoc|iPhoneSimulator.ActiveCfg = Ad-Hoc|iPhoneSimulator
		{737F21FD-7682-401A-A617-5CC19B6E2796}.Ad-Hoc|iPhoneSimulator.Build.0 = Ad-Hoc|iPhoneSimulator
		{737F21FD-7682-401A-A617-5CC19B6E2796}.AppStore|Any CPU.ActiveCfg = AppStore|iPhone
		{737F21FD-7682-401A-A617-5CC19B6E2796}.AppStore|iPhone.ActiveCfg = AppStore|iPhone
		{737F21FD-7682-401A-A617-5CC19B6E2796}.AppStore|iPhone.Build.0 = AppStore|iPhone
		{737F21FD-7682-401A-A617-5CC19B6E2796}.AppStore|iPhoneSimulator.ActiveCfg = AppStore|iPhoneSimulator
		{737F21FD-7682-401A-A617-5CC19B6E2796}.AppStore|iPhoneSimulator.Build.0 = AppStore|iPhoneSimulator
		{737F21FD-7682-401A-A617-5CC19B6E2796}.Debug|Any CPU.ActiveCfg = Debug|iPhone
		{737F21FD-7682-401A-A617-5CC19B6E2796}.Debug|iPhone.ActiveCfg = Debug|iPhone
		{737F21FD-7682-401A-A617-5CC19B6E2796}.Debug|iPhone.Build.0 = Debug|iPhone
		{737F21FD-7682-401A-A617-5CC19B6E2796}.Debug|iPhoneSimulator.ActiveCfg = Debug|iPhoneSimulator
		{737F21FD-7682-401A-A617-5CC19B6E2796}.Debug|iPhoneSimulator.Build.0 = Debug|iPhoneSimulator
		{737F21FD-7682-401A-A617-5CC19B6E2796}.Release|Any CPU.ActiveCfg = Release|iPhone
		{737F21FD-7682-401A-A617-5CC19B6E2796}.Release|iPhone.ActiveCfg = Release|iPhone
		{737F21FD-7682-401A-A617-5CC19B6E2796}.Release|iPhone.Build.0 = Release|iPhone
		{737F21FD-7682-401A-A617-5CC19B6E2796}.Release|iPhoneSimulator.ActiveCfg = Release|iPhoneSimulator
		{737F21FD-7682-401A-A617-5CC19B6E2796}.Release|iPhoneSimulator.Build.0 = Release|iPhoneSimulator
	EndGlobalSection
	GlobalSection(SolutionProperties) = preSolution
		HideSolutionNode = FALSE
	EndGlobalSection
EndGlobal
